// !$*UTF8*$!
{
	archiveVersion = 1;
	classes = {
	};
	objectVersion = 46;
	objects = {

/* Begin PBXBuildFile section */
		D89DAEF81D469E380021987F /* AppDelegate.swift in Sources */ = {isa = PBXBuildFile; fileRef = D89DAEF71D469E380021987F /* AppDelegate.swift */; };
		D89DAEFD1D469E380021987F /* Main.storyboard in Resources */ = {isa = PBXBuildFile; fileRef = D89DAEFB1D469E380021987F /* Main.storyboard */; };
		D89DAEFF1D469E380021987F /* Assets.xcassets in Resources */ = {isa = PBXBuildFile; fileRef = D89DAEFE1D469E380021987F /* Assets.xcassets */; };
		D89DAF021D469E380021987F /* LaunchScreen.storyboard in Resources */ = {isa = PBXBuildFile; fileRef = D89DAF001D469E380021987F /* LaunchScreen.storyboard */; };
		D89DAF0A1D469E6B0021987F /* ViewController.swift in Sources */ = {isa = PBXBuildFile; fileRef = D89DAF091D469E6B0021987F /* ViewController.swift */; };
		D89DAF0C1D469E850021987F /* Destination.swift in Sources */ = {isa = PBXBuildFile; fileRef = D89DAF0B1D469E850021987F /* Destination.swift */; };
		D89DAF141D4804F80021987F /* FavTableViewCell.swift in Sources */ = {isa = PBXBuildFile; fileRef = D89DAF131D4804F80021987F /* FavTableViewCell.swift */; };
		D8FB0B931D4932FA006BD700 /* destinations.json in Resources */ = {isa = PBXBuildFile; fileRef = D8FB0B921D4932FA006BD700 /* destinations.json */; };
/* End PBXBuildFile section */

/* Begin PBXFileReference section */
		D89DAEF41D469E380021987F /* FinalJSONTableView&Profile.app */ = {isa = PBXFileReference; explicitFileType = wrapper.application; includeInIndex = 0; path = "FinalJSONTableView&Profile.app"; sourceTree = BUILT_PRODUCTS_DIR; };
		D89DAEF71D469E380021987F /* AppDelegate.swift */ = {isa = PBXFileReference; lastKnownFileType = sourcecode.swift; path = AppDelegate.swift; sourceTree = "<group>"; };
		D89DAEFC1D469E380021987F /* Base */ = {isa = PBXFileReference; lastKnownFileType = file.storyboard; name = Base; path = Base.lproj/Main.storyboard; sourceTree = "<group>"; };
		D89DAEFE1D469E380021987F /* Assets.xcassets */ = {isa = PBXFileReference; lastKnownFileType = folder.assetcatalog; path = Assets.xcassets; sourceTree = "<group>"; };
		D89DAF011D469E380021987F /* Base */ = {isa = PBXFileReference; lastKnownFileType = file.storyboard; name = Base; path = Base.lproj/LaunchScreen.storyboard; sourceTree = "<group>"; };
		D89DAF031D469E380021987F /* Info.plist */ = {isa = PBXFileReference; lastKnownFileType = text.plist.xml; path = Info.plist; sourceTree = "<group>"; };
		D89DAF091D469E6B0021987F /* ViewController.swift */ = {isa = PBXFileReference; fileEncoding = 4; lastKnownFileType = sourcecode.swift; path = ViewController.swift; sourceTree = "<group>"; };
		D89DAF0B1D469E850021987F /* Destination.swift */ = {isa = PBXFileReference; fileEncoding = 4; lastKnownFileType = sourcecode.swift; path = Destination.swift; sourceTree = "<group>"; };
		D89DAF131D4804F80021987F /* FavTableViewCell.swift */ = {isa = PBXFileReference; fileEncoding = 4; lastKnownFileType = sourcecode.swift; path = FavTableViewCell.swift; sourceTree = "<group>"; };
		D8FB0B921D4932FA006BD700 /* destinations.json */ = {isa = PBXFileReference; fileEncoding = 4; lastKnownFileType = text.json; path = destinations.json; sourceTree = "<group>"; };
/* End PBXFileReference section */

/* Begin PBXFrameworksBuildPhase section */
		D89DAEF11D469E380021987F /* Frameworks */ = {
			isa = PBXFrameworksBuildPhase;
			buildActionMask = 2147483647;
			files = (
			);
			runOnlyForDeploymentPostprocessing = 0;
		};
/* End PBXFrameworksBuildPhase section */

/* Begin PBXGroup section */
		D89DAEEB1D469E380021987F = {
			isa = PBXGroup;
			children = (
				D89DAEF61D469E380021987F /* FinalJSONTableView&Profile */,
				D89DAEF51D469E380021987F /* Products */,
			);
			sourceTree = "<group>";
		};
		D89DAEF51D469E380021987F /* Products */ = {
			isa = PBXGroup;
			children = (
				D89DAEF41D469E380021987F /* FinalJSONTableView&Profile.app */,
			);
			name = Products;
			sourceTree = "<group>";
		};
		D89DAEF61D469E380021987F /* FinalJSONTableView&Profile */ = {
			isa = PBXGroup;
			children = (
				D89DAEF71D469E380021987F /* AppDelegate.swift */,
				D89DAEFB1D469E380021987F /* Main.storyboard */,
				D8FB0B8B1D485F3D006BD700 /* View */,
				D89DAF121D4804B10021987F /* Models */,
				D89DAF111D48049A0021987F /* Controllers */,
				D89DAEFE1D469E380021987F /* Assets.xcassets */,
				D8FB0B921D4932FA006BD700 /* destinations.json */,
				D89DAF001D469E380021987F /* LaunchScreen.storyboard */,
				D89DAF031D469E380021987F /* Info.plist */,
			);
			path = "FinalJSONTableView&Profile";
			sourceTree = "<group>";
		};
		D89DAF111D48049A0021987F /* Controllers */ = {
			isa = PBXGroup;
			children = (
				D89DAF091D469E6B0021987F /* ViewController.swift */,
			);
			name = Controllers;
			sourceTree = "<group>";
		};
		D89DAF121D4804B10021987F /* Models */ = {
			isa = PBXGroup;
			children = (
				D89DAF0B1D469E850021987F /* Destination.swift */,
			);
			name = Models;
			sourceTree = "<group>";
		};
		D8FB0B8B1D485F3D006BD700 /* View */ = {
			isa = PBXGroup;
			children = (
				D89DAF131D4804F80021987F /* FavTableViewCell.swift */,
			);
			name = View;
			sourceTree = "<group>";
		};
/* End PBXGroup section */

/* Begin PBXNativeTarget section */
		D89DAEF31D469E380021987F /* FinalJSONTableView&Profile */ = {
			isa = PBXNativeTarget;
			buildConfigurationList = D89DAF061D469E380021987F /* Build configuration list for PBXNativeTarget "FinalJSONTableView&Profile" */;
			buildPhases = (
				D89DAEF01D469E380021987F /* Sources */,
				D89DAEF11D469E380021987F /* Frameworks */,
				D89DAEF21D469E380021987F /* Resources */,
			);
			buildRules = (
			);
			dependencies = (
			);
			name = "FinalJSONTableView&Profile";
			productName = "FinalJSONTableView&Profile";
			productReference = D89DAEF41D469E380021987F /* FinalJSONTableView&Profile.app */;
			productType = "com.apple.product-type.application";
		};
/* End PBXNativeTarget section */

/* Begin PBXProject section */
		D89DAEEC1D469E380021987F /* Project object */ = {
			isa = PBXProject;
			attributes = {
				LastSwiftUpdateCheck = 0730;
				LastUpgradeCheck = 0730;
				ORGANIZATIONNAME = "Iron Yard_Joe Moss";
				TargetAttributes = {
					D89DAEF31D469E380021987F = {
						CreatedOnToolsVersion = 7.3.1;
					};
				};
			};
			buildConfigurationList = D89DAEEF1D469E380021987F /* Build configuration list for PBXProject "FinalJSONTableView&Profile" */;
			compatibilityVersion = "Xcode 3.2";
			developmentRegion = English;
			hasScannedForEncodings = 0;
			knownRegions = (
				en,
				Base,
			);
			mainGroup = D89DAEEB1D469E380021987F;
			productRefGroup = D89DAEF51D469E380021987F /* Products */;
			projectDirPath = "";
			projectRoot = "";
			targets = (
				D89DAEF31D469E380021987F /* FinalJSONTableView&Profile */,
			);
		};
/* End PBXProject section */

/* Begin PBXResourcesBuildPhase section */
		D89DAEF21D469E380021987F /* Resources */ = {
			isa = PBXResourcesBuildPhase;
			buildActionMask = 2147483647;
			files = (
				D89DAF021D469E380021987F /* LaunchScreen.storyboard in Resources */,
				D89DAEFF1D469E380021987F /* Assets.xcassets in Resources */,
				D8FB0B931D4932FA006BD700 /* destinations.json in Resources */,
				D89DAEFD1D469E380021987F /* Main.storyboard in Resources */,
			);
			runOnlyForDeploymentPostprocessing = 0;
		};
/* End PBXResourcesBuildPhase section */

/* Begin PBXSourcesBuildPhase section */
		D89DAEF01D469E380021987F /* Sources */ = {
			isa = PBXSourcesBuildPhase;
			buildActionMask = 2147483647;
			files = (
				D89DAF0A1D469E6B0021987F /* ViewController.swift in Sources */,
				D89DAF141D4804F80021987F /* FavTableViewCell.swift in Sources */,
				D89DAEF81D469E380021987F /* AppDelegate.swift in Sources */,
				D89DAF0C1D469E850021987F /* Destination.swift in Sources */,
			);
			runOnlyForDeploymentPostprocessing = 0;
		};
/* End PBXSourcesBuildPhase section */

/* Begin PBXVariantGroup section */
		D89DAEFB1D469E380021987F /* Main.storyboard */ = {
			isa = PBXVariantGroup;
			children = (
				D89DAEFC1D469E380021987F /* Base */,
			);
			name = Main.storyboard;
			sourceTree = "<group>";
		};
		D89DAF001D469E380021987F /* LaunchScreen.storyboard */ = {
			isa = PBXVariantGroup;
			children = (
				D89DAF011D469E380021987F /* Base */,
			);
			name = LaunchScreen.storyboard;
			sourceTree = "<group>";
		};
/* End PBXVariantGroup section */

/* Begin XCBuildConfiguration section */
		D89DAF041D469E380021987F /* Debug */ = {
			isa = XCBuildConfiguration;
			buildSettings = {
				ALWAYS_SEARCH_USER_PATHS = NO;
				CLANG_ANALYZER_NONNULL = YES;
				CLANG_CXX_LANGUAGE_STANDARD = "gnu++0x";
				CLANG_CXX_LIBRARY = "libc++";
				CLANG_ENABLE_MODULES = YES;
				CLANG_ENABLE_OBJC_ARC = YES;
				CLANG_WARN_BOOL_CONVERSION = YES;
				CLANG_WARN_CONSTANT_CONVERSION = YES;
				CLANG_WARN_DIRECT_OBJC_ISA_USAGE = YES_ERROR;
				CLANG_WARN_EMPTY_BODY = YES;
				CLANG_WARN_ENUM_CONVERSION = YES;
				CLANG_WARN_INT_CONVERSION = YES;
				CLANG_WARN_OBJC_ROOT_CLASS = YES_ERROR;
				CLANG_WARN_UNREACHABLE_CODE = YES;
				CLANG_WARN__DUPLICATE_METHOD_MATCH = YES;
				"CODE_SIGN_IDENTITY[sdk=iphoneos*]" = "iPhone Developer";
				COPY_PHASE_STRIP = NO;
				DEBUG_INFORMATION_FORMAT = dwarf;
				ENABLE_STRICT_OBJC_MSGSEND = YES;
				ENABLE_TESTABILITY = YES;
				GCC_C_LANGUAGE_STANDARD = gnu99;
				GCC_DYNAMIC_NO_PIC = NO;
				GCC_NO_COMMON_BLOCKS = YES;
				GCC_OPTIMIZATION_LEVEL = 0;
				GCC_PREPROCESSOR_DEFINITIONS = (
					"DEBUG=1",
					"$(inherited)",
				);
				GCC_WARN_64_TO_32_BIT_CONVERSION = YES;
				GCC_WARN_ABOUT_RETURN_TYPE = YES_ERROR;
				GCC_WARN_UNDECLARED_SELECTOR = YES;
				GCC_WARN_UNINITIALIZED_AUTOS = YES_AGGRESSIVE;
				GCC_WARN_UNUSED_FUNCTION = YES;
				GCC_WARN_UNUSED_VARIABLE = YES;
				IPHONEOS_DEPLOYMENT_TARGET = 9.3;
				MTL_ENABLE_DEBUG_INFO = YES;
				ONLY_ACTIVE_ARCH = YES;
				SDKROOT = iphoneos;
				SWIFT_OPTIMIZATION_LEVEL = "-Onone";
			};
			name = Debug;
		};
		D89DAF051D469E380021987F /* Release */ = {
			isa = XCBuildConfiguration;
			buildSettings = {
				ALWAYS_SEARCH_USER_PATHS = NO;
				CLANG_ANALYZER_NONNULL = YES;
				CLANG_CXX_LANGUAGE_STANDARD = "gnu++0x";
				CLANG_CXX_LIBRARY = "libc++";
				CLANG_ENABLE_MODULES = YES;
				CLANG_ENABLE_OBJC_ARC = YES;
				CLANG_WARN_BOOL_CONVERSION = YES;
				CLANG_WARN_CONSTANT_CONVERSION = YES;
				CLANG_WARN_DIRECT_OBJC_ISA_USAGE = YES_ERROR;
				CLANG_WARN_EMPTY_BODY = YES;
				CLANG_WARN_ENUM_CONVERSION = YES;
				CLANG_WARN_INT_CONVERSION = YES;
				CLANG_WARN_OBJC_ROOT_CLASS = YES_ERROR;
				CLANG_WARN_UNREACHABLE_CODE = YES;
				CLANG_WARN__DUPLICATE_METHOD_MATCH = YES;
				"CODE_SIGN_IDENTITY[sdk=iphoneos*]" = "iPhone Developer";
				COPY_PHASE_STRIP = NO;
				DEBUG_INFORMATION_FORMAT = "dwarf-with-dsym";
				ENABLE_NS_ASSERTIONS = NO;
				ENABLE_STRICT_OBJC_MSGSEND = YES;
				GCC_C_LANGUAGE_STANDARD = gnu99;
				GCC_NO_COMMON_BLOCKS = YES;
				GCC_WARN_64_TO_32_BIT_CONVERSION = YES;
				GCC_WARN_ABOUT_RETURN_TYPE = YES_ERROR;
				GCC_WARN_UNDECLARED_SELECTOR = YES;
				GCC_WARN_UNINITIALIZED_AUTOS = YES_AGGRESSIVE;
				GCC_WARN_UNUSED_FUNCTION = YES;
				GCC_WARN_UNUSED_VARIABLE = YES;
				IPHONEOS_DEPLOYMENT_TARGET = 9.3;
				MTL_ENABLE_DEBUG_INFO = NO;
				SDKROOT = iphoneos;
				VALIDATE_PRODUCT = YES;
			};
			name = Release;
		};
		D89DAF071D469E380021987F /* Debug */ = {
			isa = XCBuildConfiguration;
			buildSettings = {
				ASSETCATALOG_COMPILER_APPICON_NAME = AppIcon;
				INFOPLIST_FILE = "FinalJSONTableView&Profile/Info.plist";
				LD_RUNPATH_SEARCH_PATHS = "$(inherited) @executable_path/Frameworks";
				PRODUCT_BUNDLE_IDENTIFIER = "com.tiyjoe.FinalJSONTableView-Profile";
				PRODUCT_NAME = "$(TARGET_NAME)";
			};
			name = Debug;
		};
		D89DAF081D469E380021987F /* Release */ = {
			isa = XCBuildConfiguration;
			buildSettings = {
				ASSETCATALOG_COMPILER_APPICON_NAME = AppIcon;
				INFOPLIST_FILE = "FinalJSONTableView&Profile/Info.plist";
				LD_RUNPATH_SEARCH_PATHS = "$(inherited) @executable_path/Frameworks";
				PRODUCT_BUNDLE_IDENTIFIER = "com.tiyjoe.FinalJSONTableView-Profile";
				PRODUCT_NAME = "$(TARGET_NAME)";
			};
			name = Release;
		};
/* End XCBuildConfiguration section */

/* Begin XCConfigurationList section */
		D89DAEEF1D469E380021987F /* Build configuration list for PBXProject "FinalJSONTableView&Profile" */ = {
			isa = XCConfigurationList;
			buildConfigurations = (
				D89DAF041D469E380021987F /* Debug */,
				D89DAF051D469E380021987F /* Release */,
			);
			defaultConfigurationIsVisible = 0;
			defaultConfigurationName = Release;
		};
		D89DAF061D469E380021987F /* Build configuration list for PBXNativeTarget "FinalJSONTableView&Profile" */ = {
			isa = XCConfigurationList;
			buildConfigurations = (
				D89DAF071D469E380021987F /* Debug */,
				D89DAF081D469E380021987F /* Release */,
			);
			defaultConfigurationIsVisible = 0;
			defaultConfigurationName = Release;
		};
/* End XCConfigurationList section */
	};
	rootObject = D89DAEEC1D469E380021987F /* Project object */;
}
